
Microsoft Visual Studio Solution File, Format Version 12.00
# Blend for Visual Studio 15
VisualStudioVersion = 15.0.26730.12
MinimumVisualStudioVersion = 10.0.40219.1
Project("{FAE04EC0-301F-11D3-BF4B-00C04F79EFBC}") = "WpfNavButton1", "WpfNavButton1\WpfNavButton1.csproj", "{75A47725-244C-4499-9BF4-7AC033AF0AF5}"
EndProject
Global
	GlobalSection(SolutionConfigurationPlatforms) = preSolution
		Debug|Any CPU = Debug|Any CPU
		Release|Any CPU = Release|Any CPU
	EndGlobalSection
	GlobalSection(ProjectConfigurationPlatforms) = postSolution
		{75A47725-244C-4499-9BF4-7AC033AF0AF5}.Debug|Any CPU.ActiveCfg = Debug|Any CPU
		{75A47725-244C-4499-9BF4-7AC033AF0AF5}.Debug|Any CPU.Build.0 = Debug|Any CPU
		{75A47725-244C-4499-9BF4-7AC033AF0AF5}.Release|Any CPU.ActiveCfg = Release|Any CPU
		{75A47725-244C-4499-9BF4-7AC033AF0AF5}.Release|Any CPU.Build.0 = Release|Any CPU
	EndGlobalSection
	GlobalSection(SolutionProperties) = preSolution
		HideSolutionNode = FALSE
	EndGlobalSection
	GlobalSection(ExtensibilityGlobals) = postSolution
		SolutionGuid = {2435EEA4-1BCE-4449-AA03-6A645F2BBEC9}
	EndGlobalSection
EndGlobal
